// !$*UTF8*$!
{
	archiveVersion = 1;
	classes = {
	};
	objectVersion = 46;
	objects = {

/* Begin PBXBuildFile section */
		BF9CA0861EAB853900576FFB /* AppDelegate.swift in Sources */ = {isa = PBXBuildFile; fileRef = BF9CA0851EAB853900576FFB /* AppDelegate.swift */; };
		BF9CA0881EAB853900576FFB /* StartPage.swift in Sources */ = {isa = PBXBuildFile; fileRef = BF9CA0871EAB853900576FFB /* StartPage.swift */; };
		BF9CA08B1EAB853900576FFB /* Main.storyboard in Resources */ = {isa = PBXBuildFile; fileRef = BF9CA0891EAB853900576FFB /* Main.storyboard */; };
		BF9CA08D1EAB853900576FFB /* Assets.xcassets in Resources */ = {isa = PBXBuildFile; fileRef = BF9CA08C1EAB853900576FFB /* Assets.xcassets */; };
		BF9CA0901EAB853900576FFB /* LaunchScreen.storyboard in Resources */ = {isa = PBXBuildFile; fileRef = BF9CA08E1EAB853900576FFB /* LaunchScreen.storyboard */; };
		BF9CA09B1EAB853900576FFB /* LatePassTests.swift in Sources */ = {isa = PBXBuildFile; fileRef = BF9CA09A1EAB853900576FFB /* LatePassTests.swift */; };
		BF9CA0A61EAB853900576FFB /* LatePassUITests.swift in Sources */ = {isa = PBXBuildFile; fileRef = BF9CA0A51EAB853900576FFB /* LatePassUITests.swift */; };
		BF9CA0B41EAB911700576FFB /* GoogleService-Info.plist in Resources */ = {isa = PBXBuildFile; fileRef = BF9CA0B31EAB911700576FFB /* GoogleService-Info.plist */; };
		BF9CA0B61EABB0D500576FFB /* HomePage.swift in Sources */ = {isa = PBXBuildFile; fileRef = BF9CA0B51EABB0D500576FFB /* HomePage.swift */; };
		BF9CA0B81EABF13B00576FFB /* History.swift in Sources */ = {isa = PBXBuildFile; fileRef = BF9CA0B71EABF13B00576FFB /* History.swift */; };
		D298C5BE33E621FF85A53C46 /* Pods_LatePass.framework in Frameworks */ = {isa = PBXBuildFile; fileRef = 85988A761BE39656765C2636 /* Pods_LatePass.framework */; };
		D57E2983844D34C2A2BFBB19 /* Pods_LatePassUITests.framework in Frameworks */ = {isa = PBXBuildFile; fileRef = ED9CAB51827DE3780DA0F0AA /* Pods_LatePassUITests.framework */; };
		E951ED3387D79BA59EF91750 /* Pods_LatePassTests.framework in Frameworks */ = {isa = PBXBuildFile; fileRef = AAC97B4222AC50D41996556C /* Pods_LatePassTests.framework */; };
/* End PBXBuildFile section */

/* Begin PBXContainerItemProxy section */
		BF9CA0971EAB853900576FFB /* PBXContainerItemProxy */ = {
			isa = PBXContainerItemProxy;
			containerPortal = BF9CA07A1EAB853900576FFB /* Project object */;
			proxyType = 1;
			remoteGlobalIDString = BF9CA0811EAB853900576FFB;
			remoteInfo = LatePass;
		};
		BF9CA0A21EAB853900576FFB /* PBXContainerItemProxy */ = {
			isa = PBXContainerItemProxy;
			containerPortal = BF9CA07A1EAB853900576FFB /* Project object */;
			proxyType = 1;
			remoteGlobalIDString = BF9CA0811EAB853900576FFB;
			remoteInfo = LatePass;
		};
/* End PBXContainerItemProxy section */

/* Begin PBXFileReference section */
		0F9F1E58E09749D42D8CC677 /* Pods-LatePassUITests.debug.xcconfig */ = {isa = PBXFileReference; includeInIndex = 1; lastKnownFileType = text.xcconfig; name = "Pods-LatePassUITests.debug.xcconfig"; path = "Pods/Target Support Files/Pods-LatePassUITests/Pods-LatePassUITests.debug.xcconfig"; sourceTree = "<group>"; };
		121706DE8629552FA761574D /* Pods-LatePass.debug.xcconfig */ = {isa = PBXFileReference; includeInIndex = 1; lastKnownFileType = text.xcconfig; name = "Pods-LatePass.debug.xcconfig"; path = "Pods/Target Support Files/Pods-LatePass/Pods-LatePass.debug.xcconfig"; sourceTree = "<group>"; };
		20454B8259321399619C5EFA /* Pods-LatePassUITests.release.xcconfig */ = {isa = PBXFileReference; includeInIndex = 1; lastKnownFileType = text.xcconfig; name = "Pods-LatePassUITests.release.xcconfig"; path = "Pods/Target Support Files/Pods-LatePassUITests/Pods-LatePassUITests.release.xcconfig"; sourceTree = "<group>"; };
		85988A761BE39656765C2636 /* Pods_LatePass.framework */ = {isa = PBXFileReference; explicitFileType = wrapper.framework; includeInIndex = 0; path = Pods_LatePass.framework; sourceTree = BUILT_PRODUCTS_DIR; };
		9F49BB0E2679908F08BEC471 /* Pods-LatePassTests.release.xcconfig */ = {isa = PBXFileReference; includeInIndex = 1; lastKnownFileType = text.xcconfig; name = "Pods-LatePassTests.release.xcconfig"; path = "Pods/Target Support Files/Pods-LatePassTests/Pods-LatePassTests.release.xcconfig"; sourceTree = "<group>"; };
		AAC97B4222AC50D41996556C /* Pods_LatePassTests.framework */ = {isa = PBXFileReference; explicitFileType = wrapper.framework; includeInIndex = 0; path = Pods_LatePassTests.framework; sourceTree = BUILT_PRODUCTS_DIR; };
		BF9CA0821EAB853900576FFB /* LatePass.app */ = {isa = PBXFileReference; explicitFileType = wrapper.application; includeInIndex = 0; path = LatePass.app; sourceTree = BUILT_PRODUCTS_DIR; };
		BF9CA0851EAB853900576FFB /* AppDelegate.swift */ = {isa = PBXFileReference; lastKnownFileType = sourcecode.swift; path = AppDelegate.swift; sourceTree = "<group>"; };
		BF9CA0871EAB853900576FFB /* StartPage.swift */ = {isa = PBXFileReference; lastKnownFileType = sourcecode.swift; path = StartPage.swift; sourceTree = "<group>"; };
		BF9CA08A1EAB853900576FFB /* Base */ = {isa = PBXFileReference; lastKnownFileType = file.storyboard; name = Base; path = Base.lproj/Main.storyboard; sourceTree = "<group>"; };
		BF9CA08C1EAB853900576FFB /* Assets.xcassets */ = {isa = PBXFileReference; lastKnownFileType = folder.assetcatalog; path = Assets.xcassets; sourceTree = "<group>"; };
		BF9CA08F1EAB853900576FFB /* Base */ = {isa = PBXFileReference; lastKnownFileType = file.storyboard; name = Base; path = Base.lproj/LaunchScreen.storyboard; sourceTree = "<group>"; };
		BF9CA0911EAB853900576FFB /* Info.plist */ = {isa = PBXFileReference; lastKnownFileType = text.plist.xml; path = Info.plist; sourceTree = "<group>"; };
		BF9CA0961EAB853900576FFB /* LatePassTests.xctest */ = {isa = PBXFileReference; explicitFileType = wrapper.cfbundle; includeInIndex = 0; path = LatePassTests.xctest; sourceTree = BUILT_PRODUCTS_DIR; };
		BF9CA09A1EAB853900576FFB /* LatePassTests.swift */ = {isa = PBXFileReference; lastKnownFileType = sourcecode.swift; path = LatePassTests.swift; sourceTree = "<group>"; };
		BF9CA09C1EAB853900576FFB /* Info.plist */ = {isa = PBXFileReference; lastKnownFileType = text.plist.xml; path = Info.plist; sourceTree = "<group>"; };
		BF9CA0A11EAB853900576FFB /* LatePassUITests.xctest */ = {isa = PBXFileReference; explicitFileType = wrapper.cfbundle; includeInIndex = 0; path = LatePassUITests.xctest; sourceTree = BUILT_PRODUCTS_DIR; };
		BF9CA0A51EAB853900576FFB /* LatePassUITests.swift */ = {isa = PBXFileReference; lastKnownFileType = sourcecode.swift; path = LatePassUITests.swift; sourceTree = "<group>"; };
		BF9CA0A71EAB853900576FFB /* Info.plist */ = {isa = PBXFileReference; lastKnownFileType = text.plist.xml; path = Info.plist; sourceTree = "<group>"; };
		BF9CA0B31EAB911700576FFB /* GoogleService-Info.plist */ = {isa = PBXFileReference; fileEncoding = 4; lastKnownFileType = text.plist.xml; path = "GoogleService-Info.plist"; sourceTree = "<group>"; };
		BF9CA0B51EABB0D500576FFB /* HomePage.swift */ = {isa = PBXFileReference; fileEncoding = 4; lastKnownFileType = sourcecode.swift; path = HomePage.swift; sourceTree = "<group>"; };
		BF9CA0B71EABF13B00576FFB /* History.swift */ = {isa = PBXFileReference; fileEncoding = 4; lastKnownFileType = sourcecode.swift; path = History.swift; sourceTree = "<group>"; };
		C8B87ADA5D0BBDAC9014F8D6 /* Pods-LatePassTests.debug.xcconfig */ = {isa = PBXFileReference; includeInIndex = 1; lastKnownFileType = text.xcconfig; name = "Pods-LatePassTests.debug.xcconfig"; path = "Pods/Target Support Files/Pods-LatePassTests/Pods-LatePassTests.debug.xcconfig"; sourceTree = "<group>"; };
		CFC5F58C36983BF7684B63F7 /* Pods-LatePass.release.xcconfig */ = {isa = PBXFileReference; includeInIndex = 1; lastKnownFileType = text.xcconfig; name = "Pods-LatePass.release.xcconfig"; path = "Pods/Target Support Files/Pods-LatePass/Pods-LatePass.release.xcconfig"; sourceTree = "<group>"; };
		ED9CAB51827DE3780DA0F0AA /* Pods_LatePassUITests.framework */ = {isa = PBXFileReference; explicitFileType = wrapper.framework; includeInIndex = 0; path = Pods_LatePassUITests.framework; sourceTree = BUILT_PRODUCTS_DIR; };
/* End PBXFileReference section */

/* Begin PBXFrameworksBuildPhase section */
		BF9CA07F1EAB853900576FFB /* Frameworks */ = {
			isa = PBXFrameworksBuildPhase;
			buildActionMask = 2147483647;
			files = (
				D298C5BE33E621FF85A53C46 /* Pods_LatePass.framework in Frameworks */,
			);
			runOnlyForDeploymentPostprocessing = 0;
		};
		BF9CA0931EAB853900576FFB /* Frameworks */ = {
			isa = PBXFrameworksBuildPhase;
			buildActionMask = 2147483647;
			files = (
				E951ED3387D79BA59EF91750 /* Pods_LatePassTests.framework in Frameworks */,
			);
			runOnlyForDeploymentPostprocessing = 0;
		};
		BF9CA09E1EAB853900576FFB /* Frameworks */ = {
			isa = PBXFrameworksBuildPhase;
			buildActionMask = 2147483647;
			files = (
				D57E2983844D34C2A2BFBB19 /* Pods_LatePassUITests.framework in Frameworks */,
			);
			runOnlyForDeploymentPostprocessing = 0;
		};
/* End PBXFrameworksBuildPhase section */

/* Begin PBXGroup section */
		01D7274AB234EE1691AC2813 /* Frameworks */ = {
			isa = PBXGroup;
			children = (
				85988A761BE39656765C2636 /* Pods_LatePass.framework */,
				AAC97B4222AC50D41996556C /* Pods_LatePassTests.framework */,
				ED9CAB51827DE3780DA0F0AA /* Pods_LatePassUITests.framework */,
			);
			name = Frameworks;
			sourceTree = "<group>";
		};
		262C71A4CB366FCF3634D20C /* Pods */ = {
			isa = PBXGroup;
			children = (
				121706DE8629552FA761574D /* Pods-LatePass.debug.xcconfig */,
				CFC5F58C36983BF7684B63F7 /* Pods-LatePass.release.xcconfig */,
				C8B87ADA5D0BBDAC9014F8D6 /* Pods-LatePassTests.debug.xcconfig */,
				9F49BB0E2679908F08BEC471 /* Pods-LatePassTests.release.xcconfig */,
				0F9F1E58E09749D42D8CC677 /* Pods-LatePassUITests.debug.xcconfig */,
				20454B8259321399619C5EFA /* Pods-LatePassUITests.release.xcconfig */,
			);
			name = Pods;
			sourceTree = "<group>";
		};
		BF9CA0791EAB853900576FFB = {
			isa = PBXGroup;
			children = (
				BF9CA0841EAB853900576FFB /* LatePass */,
				BF9CA0991EAB853900576FFB /* LatePassTests */,
				BF9CA0A41EAB853900576FFB /* LatePassUITests */,
				BF9CA0831EAB853900576FFB /* Products */,
				262C71A4CB366FCF3634D20C /* Pods */,
				01D7274AB234EE1691AC2813 /* Frameworks */,
			);
			sourceTree = "<group>";
		};
		BF9CA0831EAB853900576FFB /* Products */ = {
			isa = PBXGroup;
			children = (
				BF9CA0821EAB853900576FFB /* LatePass.app */,
				BF9CA0961EAB853900576FFB /* LatePassTests.xctest */,
				BF9CA0A11EAB853900576FFB /* LatePassUITests.xctest */,
			);
			name = Products;
			sourceTree = "<group>";
		};
		BF9CA0841EAB853900576FFB /* LatePass */ = {
			isa = PBXGroup;
			children = (
				BF9CA0851EAB853900576FFB /* AppDelegate.swift */,
				BF9CA0871EAB853900576FFB /* StartPage.swift */,
				BF9CA0B51EABB0D500576FFB /* HomePage.swift */,
				BF9CA0B71EABF13B00576FFB /* History.swift */,
				BF9CA0891EAB853900576FFB /* Main.storyboard */,
				BF9CA08C1EAB853900576FFB /* Assets.xcassets */,
				BF9CA08E1EAB853900576FFB /* LaunchScreen.storyboard */,
				BF9CA0B31EAB911700576FFB /* GoogleService-Info.plist */,
				BF9CA0911EAB853900576FFB /* Info.plist */,
			);
			path = LatePass;
			sourceTree = "<group>";
		};
		BF9CA0991EAB853900576FFB /* LatePassTests */ = {
			isa = PBXGroup;
			children = (
				BF9CA09A1EAB853900576FFB /* LatePassTests.swift */,
				BF9CA09C1EAB853900576FFB /* Info.plist */,
			);
			path = LatePassTests;
			sourceTree = "<group>";
		};
		BF9CA0A41EAB853900576FFB /* LatePassUITests */ = {
			isa = PBXGroup;
			children = (
				BF9CA0A51EAB853900576FFB /* LatePassUITests.swift */,
				BF9CA0A71EAB853900576FFB /* Info.plist */,
			);
			path = LatePassUITests;
			sourceTree = "<group>";
		};
/* End PBXGroup section */

/* Begin PBXNativeTarget section */
		BF9CA0811EAB853900576FFB /* LatePass */ = {
			isa = PBXNativeTarget;
			buildConfigurationList = BF9CA0AA1EAB853900576FFB /* Build configuration list for PBXNativeTarget "LatePass" */;
			buildPhases = (
				915A61499CC7D025C31BDF22 /* [CP] Check Pods Manifest.lock */,
				BF9CA07E1EAB853900576FFB /* Sources */,
				BF9CA07F1EAB853900576FFB /* Frameworks */,
				BF9CA0801EAB853900576FFB /* Resources */,
				BA99AF77996E315ECECBD600 /* [CP] Embed Pods Frameworks */,
				46B6917245464AFAB96E4444 /* [CP] Copy Pods Resources */,
			);
			buildRules = (
			);
			dependencies = (
			);
			name = LatePass;
			productName = LatePass;
			productReference = BF9CA0821EAB853900576FFB /* LatePass.app */;
			productType = "com.apple.product-type.application";
		};
		BF9CA0951EAB853900576FFB /* LatePassTests */ = {
			isa = PBXNativeTarget;
			buildConfigurationList = BF9CA0AD1EAB853900576FFB /* Build configuration list for PBXNativeTarget "LatePassTests" */;
			buildPhases = (
				F52D1A8111CCFDBD170CE573 /* [CP] Check Pods Manifest.lock */,
				BF9CA0921EAB853900576FFB /* Sources */,
				BF9CA0931EAB853900576FFB /* Frameworks */,
				BF9CA0941EAB853900576FFB /* Resources */,
				25285E0B923D5E2A385BE5B7 /* [CP] Embed Pods Frameworks */,
				AB08B9ED21C1E8C00AB5F225 /* [CP] Copy Pods Resources */,
			);
			buildRules = (
			);
			dependencies = (
				BF9CA0981EAB853900576FFB /* PBXTargetDependency */,
			);
			name = LatePassTests;
			productName = LatePassTests;
			productReference = BF9CA0961EAB853900576FFB /* LatePassTests.xctest */;
			productType = "com.apple.product-type.bundle.unit-test";
		};
		BF9CA0A01EAB853900576FFB /* LatePassUITests */ = {
			isa = PBXNativeTarget;
			buildConfigurationList = BF9CA0B01EAB853900576FFB /* Build configuration list for PBXNativeTarget "LatePassUITests" */;
			buildPhases = (
				3B960AFAF41D2EB1F323988F /* [CP] Check Pods Manifest.lock */,
				BF9CA09D1EAB853900576FFB /* Sources */,
				BF9CA09E1EAB853900576FFB /* Frameworks */,
				BF9CA09F1EAB853900576FFB /* Resources */,
				42FDADE8C5189F6C08664182 /* [CP] Copy Pods Resources */,
			);
			buildRules = (
			);
			dependencies = (
				BF9CA0A31EAB853900576FFB /* PBXTargetDependency */,
			);
			name = LatePassUITests;
			productName = LatePassUITests;
			productReference = BF9CA0A11EAB853900576FFB /* LatePassUITests.xctest */;
			productType = "com.apple.product-type.bundle.ui-testing";
		};
/* End PBXNativeTarget section */

/* Begin PBXProject section */
		BF9CA07A1EAB853900576FFB /* Project object */ = {
			isa = PBXProject;
			attributes = {
				LastSwiftUpdateCheck = 0830;
				LastUpgradeCheck = 0830;
				ORGANIZATIONNAME = "alden lamp";
				TargetAttributes = {
					BF9CA0811EAB853900576FFB = {
						CreatedOnToolsVersion = 8.3;
						DevelopmentTeam = 9XWYL3K4YT;
						ProvisioningStyle = Automatic;
					};
					BF9CA0951EAB853900576FFB = {
						CreatedOnToolsVersion = 8.3;
						ProvisioningStyle = Automatic;
						TestTargetID = BF9CA0811EAB853900576FFB;
					};
					BF9CA0A01EAB853900576FFB = {
						CreatedOnToolsVersion = 8.3;
						ProvisioningStyle = Automatic;
						TestTargetID = BF9CA0811EAB853900576FFB;
					};
				};
			};
			buildConfigurationList = BF9CA07D1EAB853900576FFB /* Build configuration list for PBXProject "LatePass" */;
			compatibilityVersion = "Xcode 3.2";
			developmentRegion = English;
			hasScannedForEncodings = 0;
			knownRegions = (
				en,
				Base,
			);
			mainGroup = BF9CA0791EAB853900576FFB;
			productRefGroup = BF9CA0831EAB853900576FFB /* Products */;
			projectDirPath = "";
			projectRoot = "";
			targets = (
				BF9CA0811EAB853900576FFB /* LatePass */,
				BF9CA0951EAB853900576FFB /* LatePassTests */,
				BF9CA0A01EAB853900576FFB /* LatePassUITests */,
			);
		};
/* End PBXProject section */

/* Begin PBXResourcesBuildPhase section */
		BF9CA0801EAB853900576FFB /* Resources */ = {
			isa = PBXResourcesBuildPhase;
			buildActionMask = 2147483647;
			files = (
				BF9CA0901EAB853900576FFB /* LaunchScreen.storyboard in Resources */,
				BF9CA0B41EAB911700576FFB /* GoogleService-Info.plist in Resources */,
				BF9CA08D1EAB853900576FFB /* Assets.xcassets in Resources */,
				BF9CA08B1EAB853900576FFB /* Main.storyboard in Resources */,
			);
			runOnlyForDeploymentPostprocessing = 0;
		};
		BF9CA0941EAB853900576FFB /* Resources */ = {
			isa = PBXResourcesBuildPhase;
			buildActionMask = 2147483647;
			files = (
			);
			runOnlyForDeploymentPostprocessing = 0;
		};
		BF9CA09F1EAB853900576FFB /* Resources */ = {
			isa = PBXResourcesBuildPhase;
			buildActionMask = 2147483647;
			files = (
			);
			runOnlyForDeploymentPostprocessing = 0;
		};
/* End PBXResourcesBuildPhase section */

/* Begin PBXShellScriptBuildPhase section */
		25285E0B923D5E2A385BE5B7 /* [CP] Embed Pods Frameworks */ = {
			isa = PBXShellScriptBuildPhase;
			buildActionMask = 2147483647;
			files = (
			);
			inputPaths = (
			);
			name = "[CP] Embed Pods Frameworks";
			outputPaths = (
			);
			runOnlyForDeploymentPostprocessing = 0;
			shellPath = /bin/sh;
			shellScript = "\"${SRCROOT}/Pods/Target Support Files/Pods-LatePassTests/Pods-LatePassTests-frameworks.sh\"\n";
			showEnvVarsInLog = 0;
		};
		3B960AFAF41D2EB1F323988F /* [CP] Check Pods Manifest.lock */ = {
			isa = PBXShellScriptBuildPhase;
			buildActionMask = 2147483647;
			files = (
			);
			inputPaths = (
			);
			name = "[CP] Check Pods Manifest.lock";
			outputPaths = (
			);
			runOnlyForDeploymentPostprocessing = 0;
			shellPath = /bin/sh;
			shellScript = "diff \"${PODS_ROOT}/../Podfile.lock\" \"${PODS_ROOT}/Manifest.lock\" > /dev/null\nif [[ $? != 0 ]] ; then\n    cat << EOM\nerror: The sandbox is not in sync with the Podfile.lock. Run 'pod install' or update your CocoaPods installation.\nEOM\n    exit 1\nfi\n";
			showEnvVarsInLog = 0;
		};
		42FDADE8C5189F6C08664182 /* [CP] Copy Pods Resources */ = {
			isa = PBXShellScriptBuildPhase;
			buildActionMask = 2147483647;
			files = (
			);
			inputPaths = (
			);
			name = "[CP] Copy Pods Resources";
			outputPaths = (
			);
			runOnlyForDeploymentPostprocessing = 0;
			shellPath = /bin/sh;
			shellScript = "\"${SRCROOT}/Pods/Target Support Files/Pods-LatePassUITests/Pods-LatePassUITests-resources.sh\"\n";
			showEnvVarsInLog = 0;
		};
		46B6917245464AFAB96E4444 /* [CP] Copy Pods Resources */ = {
			isa = PBXShellScriptBuildPhase;
			buildActionMask = 2147483647;
			files = (
			);
			inputPaths = (
			);
			name = "[CP] Copy Pods Resources";
			outputPaths = (
			);
			runOnlyForDeploymentPostprocessing = 0;
			shellPath = /bin/sh;
			shellScript = "\"${SRCROOT}/Pods/Target Support Files/Pods-LatePass/Pods-LatePass-resources.sh\"\n";
			showEnvVarsInLog = 0;
		};
		915A61499CC7D025C31BDF22 /* [CP] Check Pods Manifest.lock */ = {
			isa = PBXShellScriptBuildPhase;
			buildActionMask = 2147483647;
			files = (
			);
			inputPaths = (
			);
			name = "[CP] Check Pods Manifest.lock";
			outputPaths = (
			);
			runOnlyForDeploymentPostprocessing = 0;
			shellPath = /bin/sh;
			shellScript = "diff \"${PODS_ROOT}/../Podfile.lock\" \"${PODS_ROOT}/Manifest.lock\" > /dev/null\nif [[ $? != 0 ]] ; then\n    cat << EOM\nerror: The sandbox is not in sync with the Podfile.lock. Run 'pod install' or update your CocoaPods installation.\nEOM\n    exit 1\nfi\n";
			showEnvVarsInLog = 0;
		};
		AB08B9ED21C1E8C00AB5F225 /* [CP] Copy Pods Resources */ = {
			isa = PBXShellScriptBuildPhase;
			buildActionMask = 2147483647;
			files = (
			);
			inputPaths = (
			);
			name = "[CP] Copy Pods Resources";
			outputPaths = (
			);
			runOnlyForDeploymentPostprocessing = 0;
			shellPath = /bin/sh;
			shellScript = "\"${SRCROOT}/Pods/Target Support Files/Pods-LatePassTests/Pods-LatePassTests-resources.sh\"\n";
			showEnvVarsInLog = 0;
		};
		BA99AF77996E315ECECBD600 /* [CP] Embed Pods Frameworks */ = {
			isa = PBXShellScriptBuildPhase;
			buildActionMask = 2147483647;
			files = (
			);
			inputPaths = (
			);
			name = "[CP] Embed Pods Frameworks";
			outputPaths = (
			);
			runOnlyForDeploymentPostprocessing = 0;
			shellPath = /bin/sh;
			shellScript = "\"${SRCROOT}/Pods/Target Support Files/Pods-LatePass/Pods-LatePass-frameworks.sh\"\n";
			showEnvVarsInLog = 0;
		};
		F52D1A8111CCFDBD170CE573 /* [CP] Check Pods Manifest.lock */ = {
			isa = PBXShellScriptBuildPhase;
			buildActionMask = 2147483647;
			files = (
			);
			inputPaths = (
			);
			name = "[CP] Check Pods Manifest.lock";
			outputPaths = (
			);
			runOnlyForDeploymentPostprocessing = 0;
			shellPath = /bin/sh;
			shellScript = "diff \"${PODS_ROOT}/../Podfile.lock\" \"${PODS_ROOT}/Manifest.lock\" > /dev/null\nif [[ $? != 0 ]] ; then\n    cat << EOM\nerror: The sandbox is not in sync with the Podfile.lock. Run 'pod install' or update your CocoaPods installation.\nEOM\n    exit 1\nfi\n";
			showEnvVarsInLog = 0;
		};
/* End PBXShellScriptBuildPhase section */

/* Begin PBXSourcesBuildPhase section */
		BF9CA07E1EAB853900576FFB /* Sources */ = {
			isa = PBXSourcesBuildPhase;
			buildActionMask = 2147483647;
			files = (
				BF9CA0881EAB853900576FFB /* StartPage.swift in Sources */,
				BF9CA0B61EABB0D500576FFB /* HomePage.swift in Sources */,
				BF9CA0B81EABF13B00576FFB /* History.swift in Sources */,
				BF9CA0861EAB853900576FFB /* AppDelegate.swift in Sources */,
			);
			runOnlyForDeploymentPostprocessing = 0;
		};
		BF9CA0921EAB853900576FFB /* Sources */ = {
			isa = PBXSourcesBuildPhase;
			buildActionMask = 2147483647;
			files = (
				BF9CA09B1EAB853900576FFB /* LatePassTests.swift in Sources */,
			);
			runOnlyForDeploymentPostprocessing = 0;
		};
		BF9CA09D1EAB853900576FFB /* Sources */ = {
			isa = PBXSourcesBuildPhase;
			buildActionMask = 2147483647;
			files = (
				BF9CA0A61EAB853900576FFB /* LatePassUITests.swift in Sources */,
			);
			runOnlyForDeploymentPostprocessing = 0;
		};
/* End PBXSourcesBuildPhase section */

/* Begin PBXTargetDependency section */
		BF9CA0981EAB853900576FFB /* PBXTargetDependency */ = {
			isa = PBXTargetDependency;
			target = BF9CA0811EAB853900576FFB /* LatePass */;
			targetProxy = BF9CA0971EAB853900576FFB /* PBXContainerItemProxy */;
		};
		BF9CA0A31EAB853900576FFB /* PBXTargetDependency */ = {
			isa = PBXTargetDependency;
			target = BF9CA0811EAB853900576FFB /* LatePass */;
			targetProxy = BF9CA0A21EAB853900576FFB /* PBXContainerItemProxy */;
		};
/* End PBXTargetDependency section */

/* Begin PBXVariantGroup section */
		BF9CA0891EAB853900576FFB /* Main.storyboard */ = {
			isa = PBXVariantGroup;
			children = (
				BF9CA08A1EAB853900576FFB /* Base */,
			);
			name = Main.storyboard;
			sourceTree = "<group>";
		};
		BF9CA08E1EAB853900576FFB /* LaunchScreen.storyboard */ = {
			isa = PBXVariantGroup;
			children = (
				BF9CA08F1EAB853900576FFB /* Base */,
			);
			name = LaunchScreen.storyboard;
			sourceTree = "<group>";
		};
/* End PBXVariantGroup section */

/* Begin XCBuildConfiguration section */
		BF9CA0A81EAB853900576FFB /* Debug */ = {
			isa = XCBuildConfiguration;
			buildSettings = {
				ALWAYS_SEARCH_USER_PATHS = NO;
				CLANG_ANALYZER_NONNULL = YES;
				CLANG_ANALYZER_NUMBER_OBJECT_CONVERSION = YES_AGGRESSIVE;
				CLANG_CXX_LANGUAGE_STANDARD = "gnu++0x";
				CLANG_CXX_LIBRARY = "libc++";
				CLANG_ENABLE_MODULES = YES;
				CLANG_ENABLE_OBJC_ARC = YES;
				CLANG_WARN_BOOL_CONVERSION = YES;
				CLANG_WARN_CONSTANT_CONVERSION = YES;
				CLANG_WARN_DIRECT_OBJC_ISA_USAGE = YES_ERROR;
				CLANG_WARN_DOCUMENTATION_COMMENTS = YES;
				CLANG_WARN_EMPTY_BODY = YES;
				CLANG_WARN_ENUM_CONVERSION = YES;
				CLANG_WARN_INFINITE_RECURSION = YES;
				CLANG_WARN_INT_CONVERSION = YES;
				CLANG_WARN_OBJC_ROOT_CLASS = YES_ERROR;
				CLANG_WARN_SUSPICIOUS_MOVE = YES;
				CLANG_WARN_UNREACHABLE_CODE = YES;
				CLANG_WARN__DUPLICATE_METHOD_MATCH = YES;
				"CODE_SIGN_IDENTITY[sdk=iphoneos*]" = "iPhone Developer";
				COPY_PHASE_STRIP = NO;
				DEBUG_INFORMATION_FORMAT = dwarf;
				ENABLE_STRICT_OBJC_MSGSEND = YES;
				ENABLE_TESTABILITY = YES;
				GCC_C_LANGUAGE_STANDARD = gnu99;
				GCC_DYNAMIC_NO_PIC = NO;
				GCC_NO_COMMON_BLOCKS = YES;
				GCC_OPTIMIZATION_LEVEL = 0;
				GCC_PREPROCESSOR_DEFINITIONS = (
					"DEBUG=1",
					"$(inherited)",
				);
				GCC_WARN_64_TO_32_BIT_CONVERSION = YES;
				GCC_WARN_ABOUT_RETURN_TYPE = YES_ERROR;
				GCC_WARN_UNDECLARED_SELECTOR = YES;
				GCC_WARN_UNINITIALIZED_AUTOS = YES_AGGRESSIVE;
				GCC_WARN_UNUSED_FUNCTION = YES;
				GCC_WARN_UNUSED_VARIABLE = YES;
				IPHONEOS_DEPLOYMENT_TARGET = 10.3;
				MTL_ENABLE_DEBUG_INFO = YES;
				ONLY_ACTIVE_ARCH = YES;
				SDKROOT = iphoneos;
				SWIFT_ACTIVE_COMPILATION_CONDITIONS = DEBUG;
				SWIFT_OPTIMIZATION_LEVEL = "-Onone";
			};
			name = Debug;
		};
		BF9CA0A91EAB853900576FFB /* Release */ = {
			isa = XCBuildConfiguration;
			buildSettings = {
				ALWAYS_SEARCH_USER_PATHS = NO;
				CLANG_ANALYZER_NONNULL = YES;
				CLANG_ANALYZER_NUMBER_OBJECT_CONVERSION = YES_AGGRESSIVE;
				CLANG_CXX_LANGUAGE_STANDARD = "gnu++0x";
				CLANG_CXX_LIBRARY = "libc++";
				CLANG_ENABLE_MODULES = YES;
				CLANG_ENABLE_OBJC_ARC = YES;
				CLANG_WARN_BOOL_CONVERSION = YES;
				CLANG_WARN_CONSTANT_CONVERSION = YES;
				CLANG_WARN_DIRECT_OBJC_ISA_USAGE = YES_ERROR;
				CLANG_WARN_DOCUMENTATION_COMMENTS = YES;
				CLANG_WARN_EMPTY_BODY = YES;
				CLANG_WARN_ENUM_CONVERSION = YES;
				CLANG_WARN_INFINITE_RECURSION = YES;
				CLANG_WARN_INT_CONVERSION = YES;
				CLANG_WARN_OBJC_ROOT_CLASS = YES_ERROR;
				CLANG_WARN_SUSPICIOUS_MOVE = YES;
				CLANG_WARN_UNREACHABLE_CODE = YES;
				CLANG_WARN__DUPLICATE_METHOD_MATCH = YES;
				"CODE_SIGN_IDENTITY[sdk=iphoneos*]" = "iPhone Developer";
				COPY_PHASE_STRIP = NO;
				DEBUG_INFORMATION_FORMAT = "dwarf-with-dsym";
				ENABLE_NS_ASSERTIONS = NO;
				ENABLE_STRICT_OBJC_MSGSEND = YES;
				GCC_C_LANGUAGE_STANDARD = gnu99;
				GCC_NO_COMMON_BLOCKS = YES;
				GCC_WARN_64_TO_32_BIT_CONVERSION = YES;
				GCC_WARN_ABOUT_RETURN_TYPE = YES_ERROR;
				GCC_WARN_UNDECLARED_SELECTOR = YES;
				GCC_WARN_UNINITIALIZED_AUTOS = YES_AGGRESSIVE;
				GCC_WARN_UNUSED_FUNCTION = YES;
				GCC_WARN_UNUSED_VARIABLE = YES;
				IPHONEOS_DEPLOYMENT_TARGET = 10.3;
				MTL_ENABLE_DEBUG_INFO = NO;
				SDKROOT = iphoneos;
				SWIFT_OPTIMIZATION_LEVEL = "-Owholemodule";
				VALIDATE_PRODUCT = YES;
			};
			name = Release;
		};
		BF9CA0AB1EAB853900576FFB /* Debug */ = {
			isa = XCBuildConfiguration;
			baseConfigurationReference = 121706DE8629552FA761574D /* Pods-LatePass.debug.xcconfig */;
			buildSettings = {
				ASSETCATALOG_COMPILER_APPICON_NAME = AppIcon;
				DEVELOPMENT_TEAM = 9XWYL3K4YT;
				INFOPLIST_FILE = LatePass/Info.plist;
				LD_RUNPATH_SEARCH_PATHS = "$(inherited) @executable_path/Frameworks";
				PRODUCT_BUNDLE_IDENTIFIER = com.Isotonic.LatePass;
				PRODUCT_NAME = "$(TARGET_NAME)";
				SWIFT_VERSION = 3.0;
			};
			name = Debug;
		};
		BF9CA0AC1EAB853900576FFB /* Release */ = {
			isa = XCBuildConfiguration;
			baseConfigurationReference = CFC5F58C36983BF7684B63F7 /* Pods-LatePass.release.xcconfig */;
			buildSettings = {
				ASSETCATALOG_COMPILER_APPICON_NAME = AppIcon;
				DEVELOPMENT_TEAM = 9XWYL3K4YT;
				INFOPLIST_FILE = LatePass/Info.plist;
				LD_RUNPATH_SEARCH_PATHS = "$(inherited) @executable_path/Frameworks";
				PRODUCT_BUNDLE_IDENTIFIER = com.Isotonic.LatePass;
				PRODUCT_NAME = "$(TARGET_NAME)";
				SWIFT_VERSION = 3.0;
			};
			name = Release;
		};
		BF9CA0AE1EAB853900576FFB /* Debug */ = {
			isa = XCBuildConfiguration;
			baseConfigurationReference = C8B87ADA5D0BBDAC9014F8D6 /* Pods-LatePassTests.debug.xcconfig */;
			buildSettings = {
				ALWAYS_EMBED_SWIFT_STANDARD_LIBRARIES = YES;
				BUNDLE_LOADER = "$(TEST_HOST)";
				INFOPLIST_FILE = LatePassTests/Info.plist;
				LD_RUNPATH_SEARCH_PATHS = "$(inherited) @executable_path/Frameworks @loader_path/Frameworks";
				PRODUCT_BUNDLE_IDENTIFIER = com.Isotonic.LatePassTests;
				PRODUCT_NAME = "$(TARGET_NAME)";
				SWIFT_VERSION = 3.0;
				TEST_HOST = "$(BUILT_PRODUCTS_DIR)/LatePass.app/LatePass";
			};
			name = Debug;
		};
		BF9CA0AF1EAB853900576FFB /* Release */ = {
			isa = XCBuildConfiguration;
			baseConfigurationReference = 9F49BB0E2679908F08BEC471 /* Pods-LatePassTests.release.xcconfig */;
			buildSettings = {
				ALWAYS_EMBED_SWIFT_STANDARD_LIBRARIES = YES;
				BUNDLE_LOADER = "$(TEST_HOST)";
				INFOPLIST_FILE = LatePassTests/Info.plist;
				LD_RUNPATH_SEARCH_PATHS = "$(inherited) @executable_path/Frameworks @loader_path/Frameworks";
				PRODUCT_BUNDLE_IDENTIFIER = com.Isotonic.LatePassTests;
				PRODUCT_NAME = "$(TARGET_NAME)";
				SWIFT_VERSION = 3.0;
				TEST_HOST = "$(BUILT_PRODUCTS_DIR)/LatePass.app/LatePass";
			};
			name = Release;
		};
		BF9CA0B11EAB853900576FFB /* Debug */ = {
			isa = XCBuildConfiguration;
			baseConfigurationReference = 0F9F1E58E09749D42D8CC677 /* Pods-LatePassUITests.debug.xcconfig */;
			buildSettings = {
				ALWAYS_EMBED_SWIFT_STANDARD_LIBRARIES = YES;
				INFOPLIST_FILE = LatePassUITests/Info.plist;
				LD_RUNPATH_SEARCH_PATHS = "$(inherited) @executable_path/Frameworks @loader_path/Frameworks";
				PRODUCT_BUNDLE_IDENTIFIER = com.Isotonic.LatePassUITests;
				PRODUCT_NAME = "$(TARGET_NAME)";
				SWIFT_VERSION = 3.0;
				TEST_TARGET_NAME = LatePass;
			};
			name = Debug;
		};
		BF9CA0B21EAB853900576FFB /* Release */ = {
			isa = XCBuildConfiguration;
			baseConfigurationReference = 20454B8259321399619C5EFA /* Pods-LatePassUITests.release.xcconfig */;
			buildSettings = {
				ALWAYS_EMBED_SWIFT_STANDARD_LIBRARIES = YES;
				INFOPLIST_FILE = LatePassUITests/Info.plist;
				LD_RUNPATH_SEARCH_PATHS = "$(inherited) @executable_path/Frameworks @loader_path/Frameworks";
				PRODUCT_BUNDLE_IDENTIFIER = com.Isotonic.LatePassUITests;
				PRODUCT_NAME = "$(TARGET_NAME)";
				SWIFT_VERSION = 3.0;
				TEST_TARGET_NAME = LatePass;
			};
			name = Release;
		};
/* End XCBuildConfiguration section */

/* Begin XCConfigurationList section */
		BF9CA07D1EAB853900576FFB /* Build configuration list for PBXProject "LatePass" */ = {
			isa = XCConfigurationList;
			buildConfigurations = (
				BF9CA0A81EAB853900576FFB /* Debug */,
				BF9CA0A91EAB853900576FFB /* Release */,
			);
			defaultConfigurationIsVisible = 0;
			defaultConfigurationName = Release;
		};
		BF9CA0AA1EAB853900576FFB /* Build configuration list for PBXNativeTarget "LatePass" */ = {
			isa = XCConfigurationList;
			buildConfigurations = (
				BF9CA0AB1EAB853900576FFB /* Debug */,
				BF9CA0AC1EAB853900576FFB /* Release */,
			);
			defaultConfigurationIsVisible = 0;
			defaultConfigurationName = Release;
		};
		BF9CA0AD1EAB853900576FFB /* Build configuration list for PBXNativeTarget "LatePassTests" */ = {
			isa = XCConfigurationList;
			buildConfigurations = (
				BF9CA0AE1EAB853900576FFB /* Debug */,
				BF9CA0AF1EAB853900576FFB /* Release */,
			);
			defaultConfigurationIsVisible = 0;
			defaultConfigurationName = Release;
		};
		BF9CA0B01EAB853900576FFB /* Build configuration list for PBXNativeTarget "LatePassUITests" */ = {
			isa = XCConfigurationList;
			buildConfigurations = (
				BF9CA0B11EAB853900576FFB /* Debug */,
				BF9CA0B21EAB853900576FFB /* Release */,
			);
			defaultConfigurationIsVisible = 0;
			defaultConfigurationName = Release;
		};
/* End XCConfigurationList section */
	};
	rootObject = BF9CA07A1EAB853900576FFB /* Project object */;
}
